// !$*UTF8*$!
{
	archiveVersion = 1;
	classes = {
	};
	objectVersion = 46;
	objects = {

/* Begin PBXBuildFile section */
		5BAEB03C1DD6B5F100E23D91 /* AppDelegate.swift in Sources */ = {isa = PBXBuildFile; fileRef = 5BAEB03B1DD6B5F100E23D91 /* AppDelegate.swift */; };
		5BAEB03E1DD6B5F100E23D91 /* ViewController.swift in Sources */ = {isa = PBXBuildFile; fileRef = 5BAEB03D1DD6B5F100E23D91 /* ViewController.swift */; };
		5BAEB0411DD6B5F100E23D91 /* Main.storyboard in Resources */ = {isa = PBXBuildFile; fileRef = 5BAEB03F1DD6B5F100E23D91 /* Main.storyboard */; };
		5BAEB0431DD6B5F100E23D91 /* Assets.xcassets in Resources */ = {isa = PBXBuildFile; fileRef = 5BAEB0421DD6B5F100E23D91 /* Assets.xcassets */; };
		5BAEB0461DD6B5F100E23D91 /* LaunchScreen.storyboard in Resources */ = {isa = PBXBuildFile; fileRef = 5BAEB0441DD6B5F100E23D91 /* LaunchScreen.storyboard */; };
/* End PBXBuildFile section */

/* Begin PBXFileReference section */
		5BAEB0381DD6B5F100E23D91 /* BattleShipiOS.app */ = {isa = PBXFileReference; explicitFileType = wrapper.application; includeInIndex = 0; path = BattleShipiOS.app; sourceTree = BUILT_PRODUCTS_DIR; };
		5BAEB03B1DD6B5F100E23D91 /* AppDelegate.swift */ = {isa = PBXFileReference; lastKnownFileType = sourcecode.swift; path = AppDelegate.swift; sourceTree = "<group>"; };
		5BAEB03D1DD6B5F100E23D91 /* ViewController.swift */ = {isa = PBXFileReference; lastKnownFileType = sourcecode.swift; path = ViewController.swift; sourceTree = "<group>"; };
		5BAEB0401DD6B5F100E23D91 /* Base */ = {isa = PBXFileReference; lastKnownFileType = file.storyboard; name = Base; path = Base.lproj/Main.storyboard; sourceTree = "<group>"; };
		5BAEB0421DD6B5F100E23D91 /* Assets.xcassets */ = {isa = PBXFileReference; lastKnownFileType = folder.assetcatalog; path = Assets.xcassets; sourceTree = "<group>"; };
		5BAEB0451DD6B5F100E23D91 /* Base */ = {isa = PBXFileReference; lastKnownFileType = file.storyboard; name = Base; path = Base.lproj/LaunchScreen.storyboard; sourceTree = "<group>"; };
		5BAEB0471DD6B5F100E23D91 /* Info.plist */ = {isa = PBXFileReference; lastKnownFileType = text.plist.xml; path = Info.plist; sourceTree = "<group>"; };
/* End PBXFileReference section */

/* Begin PBXFrameworksBuildPhase section */
		5BAEB0351DD6B5F000E23D91 /* Frameworks */ = {
			isa = PBXFrameworksBuildPhase;
			buildActionMask = 2147483647;
			files = (
			);
			runOnlyForDeploymentPostprocessing = 0;
		};
/* End PBXFrameworksBuildPhase section */

/* Begin PBXGroup section */
		5BAEB02F1DD6B5F000E23D91 = {
			isa = PBXGroup;
			children = (
				5BAEB03A1DD6B5F100E23D91 /* BattleShipiOS */,
				5BAEB0391DD6B5F100E23D91 /* Products */,
			);
			sourceTree = "<group>";
		};
		5BAEB0391DD6B5F100E23D91 /* Products */ = {
			isa = PBXGroup;
			children = (
				5BAEB0381DD6B5F100E23D91 /* BattleShipiOS.app */,
			);
			name = Products;
			sourceTree = "<group>";
		};
		5BAEB03A1DD6B5F100E23D91 /* BattleShipiOS */ = {
			isa = PBXGroup;
			children = (
				5BAEB03B1DD6B5F100E23D91 /* AppDelegate.swift */,
				5BAEB03D1DD6B5F100E23D91 /* ViewController.swift */,
				5BAEB03F1DD6B5F100E23D91 /* Main.storyboard */,
				5BAEB0421DD6B5F100E23D91 /* Assets.xcassets */,
				5BAEB0441DD6B5F100E23D91 /* LaunchScreen.storyboard */,
				5BAEB0471DD6B5F100E23D91 /* Info.plist */,
			);
			path = BattleShipiOS;
			sourceTree = "<group>";
		};
/* End PBXGroup section */

/* Begin PBXNativeTarget section */
		5BAEB0371DD6B5F000E23D91 /* BattleShipiOS */ = {
			isa = PBXNativeTarget;
			buildConfigurationList = 5BAEB04A1DD6B5F100E23D91 /* Build configuration list for PBXNativeTarget "BattleShipiOS" */;
			buildPhases = (
				5BAEB0341DD6B5F000E23D91 /* Sources */,
				5BAEB0351DD6B5F000E23D91 /* Frameworks */,
				5BAEB0361DD6B5F000E23D91 /* Resources */,
			);
			buildRules = (
			);
			dependencies = (
			);
			name = BattleShipiOS;
			productName = BattleShipiOS;
			productReference = 5BAEB0381DD6B5F100E23D91 /* BattleShipiOS.app */;
			productType = "com.apple.product-type.application";
		};
/* End PBXNativeTarget section */

/* Begin PBXProject section */
		5BAEB0301DD6B5F000E23D91 /* Project object */ = {
			isa = PBXProject;
			attributes = {
				LastSwiftUpdateCheck = 0800;
				LastUpgradeCheck = 0800;
				ORGANIZATIONNAME = "Fion Leong";
				TargetAttributes = {
					5BAEB0371DD6B5F000E23D91 = {
						CreatedOnToolsVersion = 8.0;
						ProvisioningStyle = Automatic;
					};
				};
			};
			buildConfigurationList = 5BAEB0331DD6B5F000E23D91 /* Build configuration list for PBXProject "BattleShipiOS" */;
			compatibilityVersion = "Xcode 3.2";
			developmentRegion = English;
			hasScannedForEncodings = 0;
			knownRegions = (
				en,
				Base,
			);
			mainGroup = 5BAEB02F1DD6B5F000E23D91;
			productRefGroup = 5BAEB0391DD6B5F100E23D91 /* Products */;
			projectDirPath = "";
			projectRoot = "";
			targets = (
				5BAEB0371DD6B5F000E23D91 /* BattleShipiOS */,
			);
		};
/* End PBXProject section */

/* Begin PBXResourcesBuildPhase section */
		5BAEB0361DD6B5F000E23D91 /* Resources */ = {
			isa = PBXResourcesBuildPhase;
			buildActionMask = 2147483647;
			files = (
				5BAEB0461DD6B5F100E23D91 /* LaunchScreen.storyboard in Resources */,
				5BAEB0431DD6B5F100E23D91 /* Assets.xcassets in Resources */,
				5BAEB0411DD6B5F100E23D91 /* Main.storyboard in Resources */,
			);
			runOnlyForDeploymentPostprocessing = 0;
		};
/* End PBXResourcesBuildPhase section */

/* Begin PBXSourcesBuildPhase section */
		5BAEB0341DD6B5F000E23D91 /* Sources */ = {
			isa = PBXSourcesBuildPhase;
			buildActionMask = 2147483647;
			files = (
				5BAEB03E1DD6B5F100E23D91 /* ViewController.swift in Sources */,
				5BAEB03C1DD6B5F100E23D91 /* AppDelegate.swift in Sources */,
			);
			runOnlyForDeploymentPostprocessing = 0;
		};
/* End PBXSourcesBuildPhase section */

/* Begin PBXVariantGroup section */
		5BAEB03F1DD6B5F100E23D91 /* Main.storyboard */ = {
			isa = PBXVariantGroup;
			children = (
				5BAEB0401DD6B5F100E23D91 /* Base */,
			);
			name = Main.storyboard;
			sourceTree = "<group>";
		};
		5BAEB0441DD6B5F100E23D91 /* LaunchScreen.storyboard */ = {
			isa = PBXVariantGroup;
			children = (
				5BAEB0451DD6B5F100E23D91 /* Base */,
			);
			name = LaunchScreen.storyboard;
			sourceTree = "<group>";
		};
/* End PBXVariantGroup section */

/* Begin XCBuildConfiguration section */
		5BAEB0481DD6B5F100E23D91 /* Debug */ = {
			isa = XCBuildConfiguration;
			buildSettings = {
				ALWAYS_SEARCH_USER_PATHS = NO;
				CLANG_ANALYZER_NONNULL = YES;
				CLANG_CXX_LANGUAGE_STANDARD = "gnu++0x";
				CLANG_CXX_LIBRARY = "libc++";
				CLANG_ENABLE_MODULES = YES;
				CLANG_ENABLE_OBJC_ARC = YES;
				CLANG_WARN_BOOL_CONVERSION = YES;
				CLANG_WARN_CONSTANT_CONVERSION = YES;
				CLANG_WARN_DIRECT_OBJC_ISA_USAGE = YES_ERROR;
				CLANG_WARN_DOCUMENTATION_COMMENTS = YES;
				CLANG_WARN_EMPTY_BODY = YES;
				CLANG_WARN_ENUM_CONVERSION = YES;
				CLANG_WARN_INFINITE_RECURSION = YES;
				CLANG_WARN_INT_CONVERSION = YES;
				CLANG_WARN_OBJC_ROOT_CLASS = YES_ERROR;
				CLANG_WARN_SUSPICIOUS_MOVES = YES;
				CLANG_WARN_UNREACHABLE_CODE = YES;
				CLANG_WARN__DUPLICATE_METHOD_MATCH = YES;
				"CODE_SIGN_IDENTITY[sdk=iphoneos*]" = "iPhone Developer";
				COPY_PHASE_STRIP = NO;
				DEBUG_INFORMATION_FORMAT = dwarf;
				ENABLE_STRICT_OBJC_MSGSEND = YES;
				ENABLE_TESTABILITY = YES;
				GCC_C_LANGUAGE_STANDARD = gnu99;
				GCC_DYNAMIC_NO_PIC = NO;
				GCC_NO_COMMON_BLOCKS = YES;
				GCC_OPTIMIZATION_LEVEL = 0;
				GCC_PREPROCESSOR_DEFINITIONS = (
					"DEBUG=1",
					"$(inherited)",
				);
				GCC_WARN_64_TO_32_BIT_CONVERSION = YES;
				GCC_WARN_ABOUT_RETURN_TYPE = YES_ERROR;
				GCC_WARN_UNDECLARED_SELECTOR = YES;
				GCC_WARN_UNINITIALIZED_AUTOS = YES_AGGRESSIVE;
				GCC_WARN_UNUSED_FUNCTION = YES;
				GCC_WARN_UNUSED_VARIABLE = YES;
				IPHONEOS_DEPLOYMENT_TARGET = 10.0;
				MTL_ENABLE_DEBUG_INFO = YES;
				ONLY_ACTIVE_ARCH = YES;
				SDKROOT = iphoneos;
				SWIFT_ACTIVE_COMPILATION_CONDITIONS = DEBUG;
				SWIFT_OPTIMIZATION_LEVEL = "-Onone";
				TARGETED_DEVICE_FAMILY = "1,2";
			};
			name = Debug;
		};
		5BAEB0491DD6B5F100E23D91 /* Release */ = {
			isa = XCBuildConfiguration;
			buildSettings = {
				ALWAYS_SEARCH_USER_PATHS = NO;
				CLANG_ANALYZER_NONNULL = YES;
				CLANG_CXX_LANGUAGE_STANDARD = "gnu++0x";
				CLANG_CXX_LIBRARY = "libc++";
				CLANG_ENABLE_MODULES = YES;
				CLANG_ENABLE_OBJC_ARC = YES;
				CLANG_WARN_BOOL_CONVERSION = YES;
				CLANG_WARN_CONSTANT_CONVERSION = YES;
				CLANG_WARN_DIRECT_OBJC_ISA_USAGE = YES_ERROR;
				CLANG_WARN_DOCUMENTATION_COMMENTS = YES;
				CLANG_WARN_EMPTY_BODY = YES;
				CLANG_WARN_ENUM_CONVERSION = YES;
				CLANG_WARN_INFINITE_RECURSION = YES;
				CLANG_WARN_INT_CONVERSION = YES;
				CLANG_WARN_OBJC_ROOT_CLASS = YES_ERROR;
				CLANG_WARN_SUSPICIOUS_MOVES = YES;
				CLANG_WARN_UNREACHABLE_CODE = YES;
				CLANG_WARN__DUPLICATE_METHOD_MATCH = YES;
				"CODE_SIGN_IDENTITY[sdk=iphoneos*]" = "iPhone Developer";
				COPY_PHASE_STRIP = NO;
				DEBUG_INFORMATION_FORMAT = "dwarf-with-dsym";
				ENABLE_NS_ASSERTIONS = NO;
				ENABLE_STRICT_OBJC_MSGSEND = YES;
				GCC_C_LANGUAGE_STANDARD = gnu99;
				GCC_NO_COMMON_BLOCKS = YES;
				GCC_WARN_64_TO_32_BIT_CONVERSION = YES;
				GCC_WARN_ABOUT_RETURN_TYPE = YES_ERROR;
				GCC_WARN_UNDECLARED_SELECTOR = YES;
				GCC_WARN_UNINITIALIZED_AUTOS = YES_AGGRESSIVE;
				GCC_WARN_UNUSED_FUNCTION = YES;
				GCC_WARN_UNUSED_VARIABLE = YES;
				IPHONEOS_DEPLOYMENT_TARGET = 10.0;
				MTL_ENABLE_DEBUG_INFO = NO;
				SDKROOT = iphoneos;
				SWIFT_OPTIMIZATION_LEVEL = "-Owholemodule";
				TARGETED_DEVICE_FAMILY = "1,2";
				VALIDATE_PRODUCT = YES;
			};
			name = Release;
		};
		5BAEB04B1DD6B5F100E23D91 /* Debug */ = {
			isa = XCBuildConfiguration;
			buildSettings = {
				ASSETCATALOG_COMPILER_APPICON_NAME = AppIcon;
				INFOPLIST_FILE = BattleShipiOS/Info.plist;
				LD_RUNPATH_SEARCH_PATHS = "$(inherited) @executable_path/Frameworks";
				PRODUCT_BUNDLE_IDENTIFIER = cs175.BattleShipiOS;
				PRODUCT_NAME = "$(TARGET_NAME)";
				SWIFT_VERSION = 3.0;
			};
			name = Debug;
		};
		5BAEB04C1DD6B5F100E23D91 /* Release */ = {
			isa = XCBuildConfiguration;
			buildSettings = {
				ASSETCATALOG_COMPILER_APPICON_NAME = AppIcon;
				INFOPLIST_FILE = BattleShipiOS/Info.plist;
				LD_RUNPATH_SEARCH_PATHS = "$(inherited) @executable_path/Frameworks";
				PRODUCT_BUNDLE_IDENTIFIER = cs175.BattleShipiOS;
				PRODUCT_NAME = "$(TARGET_NAME)";
				SWIFT_VERSION = 3.0;
			};
			name = Release;
		};
/* End XCBuildConfiguration section */

/* Begin XCConfigurationList section */
		5BAEB0331DD6B5F000E23D91 /* Build configuration list for PBXProject "BattleShipiOS" */ = {
			isa = XCConfigurationList;
			buildConfigurations = (
				5BAEB0481DD6B5F100E23D91 /* Debug */,
				5BAEB0491DD6B5F100E23D91 /* Release */,
			);
			defaultConfigurationIsVisible = 0;
			defaultConfigurationName = Release;
		};
		5BAEB04A1DD6B5F100E23D91 /* Build configuration list for PBXNativeTarget "BattleShipiOS" */ = {
			isa = XCConfigurationList;
			buildConfigurations = (
				5BAEB04B1DD6B5F100E23D91 /* Debug */,
				5BAEB04C1DD6B5F100E23D91 /* Release */,
			);
			defaultConfigurationIsVisible = 0;
		};
/* End XCConfigurationList section */
	};
	rootObject = 5BAEB0301DD6B5F000E23D91 /* Project object */;
}
